
Microsoft Visual Studio Solution File, Format Version 12.00
# Visual Studio 15
VisualStudioVersion = 15.0.28307.572
MinimumVisualStudioVersion = 10.0.40219.1
Project("{FAE04EC0-301F-11D3-BF4B-00C04F79EFBC}") = "Agenda01", "Agenda_v01\Agenda01.csproj", "{79591CC8-6E9E-4349-8234-62CAD53F3B44}"
EndProject
Global
	GlobalSection(SolutionConfigurationPlatforms) = preSolution
		Debug|Any CPU = Debug|Any CPU
		Release|Any CPU = Release|Any CPU
	EndGlobalSection
	GlobalSection(ProjectConfigurationPlatforms) = postSolution
		{79591CC8-6E9E-4349-8234-62CAD53F3B44}.Debug|Any CPU.ActiveCfg = Debug|Any CPU
		{79591CC8-6E9E-4349-8234-62CAD53F3B44}.Debug|Any CPU.Build.0 = Debug|Any CPU
		{79591CC8-6E9E-4349-8234-62CAD53F3B44}.Release|Any CPU.ActiveCfg = Release|Any CPU
		{79591CC8-6E9E-4349-8234-62CAD53F3B44}.Release|Any CPU.Build.0 = Release|Any CPU
	EndGlobalSection
	GlobalSection(SolutionProperties) = preSolution
		HideSolutionNode = FALSE
	EndGlobalSection
	GlobalSection(ExtensibilityGlobals) = postSolution
		SolutionGuid = {40BD0EA1-25AF-4E41-A4C6-EE28DD835EEB}
	EndGlobalSection
EndGlobal
